Microsoft Visual Studio Solution File, Format Version 12.00
# Visual Studio Version 17
VisualStudioVersion = 17.5.2.0
MinimumVisualStudioVersion = 10.0.40219.1
Project("{FAE04EC0-301F-11D3-BF4B-00C04F79EFBC}") = "TrueVote", "TrueVote.csproj", "{EA219CF6-CC6E-2C5C-116C-E7E2427823F4}"
EndProject
Global
	GlobalSection(SolutionConfigurationPlatforms) = preSolution
		Debug|Any CPU = Debug|Any CPU
		Release|Any CPU = Release|Any CPU
	EndGlobalSection
	GlobalSection(ProjectConfigurationPlatforms) = postSolution
		{EA219CF6-CC6E-2C5C-116C-E7E2427823F4}.Debug|Any CPU.ActiveCfg = Debug|Any CPU
		{EA219CF6-CC6E-2C5C-116C-E7E2427823F4}.Debug|Any CPU.Build.0 = Debug|Any CPU
		{EA219CF6-CC6E-2C5C-116C-E7E2427823F4}.Release|Any CPU.ActiveCfg = Release|Any CPU
		{EA219CF6-CC6E-2C5C-116C-E7E2427823F4}.Release|Any CPU.Build.0 = Release|Any CPU
	EndGlobalSection
	GlobalSection(SolutionProperties) = preSolution
		HideSolutionNode = FALSE
	EndGlobalSection
	GlobalSection(ExtensibilityGlobals) = postSolution
		SolutionGuid = {86235728-46EE-4EA4-897A-CED6F2C42C4D}
	EndGlobalSection
EndGlobal
